{
  "pins" : [
    {
      "identity" : "asynchrone",
      "kind" : "remoteSourceControl",
      "location" : "https://github.com/reddavis/Asynchrone.git",
      "state" : {
        "revision" : "657bfed52f2cad2e4697f1e3548796f563b20308",
        "version" : "0.20.0"
      }
    }
  ],
  "version" : 2
}
