{
  "pins" : [
    {
      "identity" : "asynchrone",
      "kind" : "remoteSourceControl",
      "location" : "https://github.com/reddavis/Asynchrone",
      "state" : {
        "revision" : "27d0f57fa2e4da15bd2811dfab509d68422ea594",
        "version" : "0.17.0"
      }
    }
  ],
  "version" : 2
}
