{
  "pins" : [
    {
      "identity" : "asynchrone",
      "kind" : "remoteSourceControl",
      "location" : "https://github.com/reddavis/Asynchrone",
      "state" : {
        "revision" : "57e93c5352dd2d187e6eb27b9fbde5a74474d303",
        "version" : "0.16.1"
      }
    }
  ],
  "version" : 2
}
